
Microsoft Visual Studio Solution File, Format Version 12.00
# Visual Studio 14
VisualStudioVersion = 14.0.25123.0
MinimumVisualStudioVersion = 10.0.40219.1
Project("{FAE04EC0-301F-11D3-BF4B-00C04F79EFBC}") = "OriginalEELayout.Droid", "OriginalEELayout\OriginalEELayout.Droid\OriginalEELayout.Droid.csproj", "{3DAAB978-38A9-4DDF-94F8-7359D10DDCCB}"
EndProject
Project("{FAE04EC0-301F-11D3-BF4B-00C04F79EFBC}") = "OriginalEELayout.iOS", "OriginalEELayout\OriginalEELayout.iOS\OriginalEELayout.iOS.csproj", "{A1B44BC3-2B67-440A-802D-BE204D42B2BE}"
EndProject
Project("{FAE04EC0-301F-11D3-BF4B-00C04F79EFBC}") = "OriginalEELayout.WinPhone", "OriginalEELayout\OriginalEELayout.WinPhone\OriginalEELayout.WinPhone.csproj", "{D6057F68-A6E3-4B6C-AC32-EE8E351FFFB9}"
EndProject
Project("{FAE04EC0-301F-11D3-BF4B-00C04F79EFBC}") = "OriginalEELayout.UWP", "OriginalEELayout\OriginalEELayout.UWP\OriginalEELayout.UWP.csproj", "{B311A7A8-D364-437C-BA4D-A1BAD796285B}"
EndProject
Project("{FAE04EC0-301F-11D3-BF4B-00C04F79EFBC}") = "OriginalEELayout.Windows", "OriginalEELayout\OriginalEELayout.Windows\OriginalEELayout.Windows.csproj", "{D29AAB44-B2EB-48EF-BCF4-F3E99CBB2B82}"
EndProject
Project("{FAE04EC0-301F-11D3-BF4B-00C04F79EFBC}") = "OriginalEELayout", "OriginalEELayout\OriginalEELayout\OriginalEELayout.csproj", "{1FE589DB-6F3F-421C-9C3C-1BDFD41B2CF0}"
EndProject
Global
	GlobalSection(SolutionConfigurationPlatforms) = preSolution
		Ad-Hoc|Any CPU = Ad-Hoc|Any CPU
		Ad-Hoc|ARM = Ad-Hoc|ARM
		Ad-Hoc|iPhone = Ad-Hoc|iPhone
		Ad-Hoc|iPhoneSimulator = Ad-Hoc|iPhoneSimulator
		Ad-Hoc|x64 = Ad-Hoc|x64
		Ad-Hoc|x86 = Ad-Hoc|x86
		AppStore|Any CPU = AppStore|Any CPU
		AppStore|ARM = AppStore|ARM
		AppStore|iPhone = AppStore|iPhone
		AppStore|iPhoneSimulator = AppStore|iPhoneSimulator
		AppStore|x64 = AppStore|x64
		AppStore|x86 = AppStore|x86
		Debug|Any CPU = Debug|Any CPU
		Debug|ARM = Debug|ARM
		Debug|iPhone = Debug|iPhone
		Debug|iPhoneSimulator = Debug|iPhoneSimulator
		Debug|x64 = Debug|x64
		Debug|x86 = Debug|x86
		Release|Any CPU = Release|Any CPU
		Release|ARM = Release|ARM
		Release|iPhone = Release|iPhone
		Release|iPhoneSimulator = Release|iPhoneSimulator
		Release|x64 = Release|x64
		Release|x86 = Release|x86
	EndGlobalSection
	GlobalSection(ProjectConfigurationPlatforms) = postSolution
		{3DAAB978-38A9-4DDF-94F8-7359D10DDCCB}.Ad-Hoc|Any CPU.ActiveCfg = Release|Any CPU
		{3DAAB978-38A9-4DDF-94F8-7359D10DDCCB}.Ad-Hoc|Any CPU.Build.0 = Release|Any CPU
		{3DAAB978-38A9-4DDF-94F8-7359D10DDCCB}.Ad-Hoc|Any CPU.Deploy.0 = Release|Any CPU
		{3DAAB978-38A9-4DDF-94F8-7359D10DDCCB}.Ad-Hoc|ARM.ActiveCfg = Release|Any CPU
		{3DAAB978-38A9-4DDF-94F8-7359D10DDCCB}.Ad-Hoc|ARM.Build.0 = Release|Any CPU
		{3DAAB978-38A9-4DDF-94F8-7359D10DDCCB}.Ad-Hoc|ARM.Deploy.0 = Release|Any CPU
		{3DAAB978-38A9-4DDF-94F8-7359D10DDCCB}.Ad-Hoc|iPhone.ActiveCfg = Release|Any CPU
		{3DAAB978-38A9-4DDF-94F8-7359D10DDCCB}.Ad-Hoc|iPhone.Build.0 = Release|Any CPU
		{3DAAB978-38A9-4DDF-94F8-7359D10DDCCB}.Ad-Hoc|iPhone.Deploy.0 = Release|Any CPU
		{3DAAB978-38A9-4DDF-94F8-7359D10DDCCB}.Ad-Hoc|iPhoneSimulator.ActiveCfg = Release|Any CPU
		{3DAAB978-38A9-4DDF-94F8-7359D10DDCCB}.Ad-Hoc|iPhoneSimulator.Build.0 = Release|Any CPU
		{3DAAB978-38A9-4DDF-94F8-7359D10DDCCB}.Ad-Hoc|iPhoneSimulator.Deploy.0 = Release|Any CPU
		{3DAAB978-38A9-4DDF-94F8-7359D10DDCCB}.Ad-Hoc|x64.ActiveCfg = Release|Any CPU
		{3DAAB978-38A9-4DDF-94F8-7359D10DDCCB}.Ad-Hoc|x64.Build.0 = Release|Any CPU
		{3DAAB978-38A9-4DDF-94F8-7359D10DDCCB}.Ad-Hoc|x64.Deploy.0 = Release|Any CPU
		{3DAAB978-38A9-4DDF-94F8-7359D10DDCCB}.Ad-Hoc|x86.ActiveCfg = Release|Any CPU
		{3DAAB978-38A9-4DDF-94F8-7359D10DDCCB}.Ad-Hoc|x86.Build.0 = Release|Any CPU
		{3DAAB978-38A9-4DDF-94F8-7359D10DDCCB}.Ad-Hoc|x86.Deploy.0 = Release|Any CPU
		{3DAAB978-38A9-4DDF-94F8-7359D10DDCCB}.AppStore|Any CPU.ActiveCfg = Release|Any CPU
		{3DAAB978-38A9-4DDF-94F8-7359D10DDCCB}.AppStore|Any CPU.Build.0 = Release|Any CPU
		{3DAAB978-38A9-4DDF-94F8-7359D10DDCCB}.AppStore|Any CPU.Deploy.0 = Release|Any CPU
		{3DAAB978-38A9-4DDF-94F8-7359D10DDCCB}.AppStore|ARM.ActiveCfg = Release|Any CPU
		{3DAAB978-38A9-4DDF-94F8-7359D10DDCCB}.AppStore|ARM.Build.0 = Release|Any CPU
		{3DAAB978-38A9-4DDF-94F8-7359D10DDCCB}.AppStore|ARM.Deploy.0 = Release|Any CPU
		{3DAAB978-38A9-4DDF-94F8-7359D10DDCCB}.AppStore|iPhone.ActiveCfg = Release|Any CPU
		{3DAAB978-38A9-4DDF-94F8-7359D10DDCCB}.AppStore|iPhone.Build.0 = Release|Any CPU
		{3DAAB978-38A9-4DDF-94F8-7359D10DDCCB}.AppStore|iPhone.Deploy.0 = Release|Any CPU
		{3DAAB978-38A9-4DDF-94F8-7359D10DDCCB}.AppStore|iPhoneSimulator.ActiveCfg = Release|Any CPU
		{3DAAB978-38A9-4DDF-94F8-7359D10DDCCB}.AppStore|iPhoneSimulator.Build.0 = Release|Any CPU
		{3DAAB978-38A9-4DDF-94F8-7359D10DDCCB}.AppStore|iPhoneSimulator.Deploy.0 = Release|Any CPU
		{3DAAB978-38A9-4DDF-94F8-7359D10DDCCB}.AppStore|x64.ActiveCfg = Release|Any CPU
		{3DAAB978-38A9-4DDF-94F8-7359D10DDCCB}.AppStore|x64.Build.0 = Release|Any CPU
		{3DAAB978-38A9-4DDF-94F8-7359D10DDCCB}.AppStore|x64.Deploy.0 = Release|Any CPU
		{3DAAB978-38A9-4DDF-94F8-7359D10DDCCB}.AppStore|x86.ActiveCfg = Release|Any CPU
		{3DAAB978-38A9-4DDF-94F8-7359D10DDCCB}.AppStore|x86.Build.0 = Release|Any CPU
		{3DAAB978-38A9-4DDF-94F8-7359D10DDCCB}.AppStore|x86.Deploy.0 = Release|Any CPU
		{3DAAB978-38A9-4DDF-94F8-7359D10DDCCB}.Debug|Any CPU.ActiveCfg = Debug|Any CPU
		{3DAAB978-38A9-4DDF-94F8-7359D10DDCCB}.Debug|Any CPU.Build.0 = Debug|Any CPU
		{3DAAB978-38A9-4DDF-94F8-7359D10DDCCB}.Debug|Any CPU.Deploy.0 = Debug|Any CPU
		{3DAAB978-38A9-4DDF-94F8-7359D10DDCCB}.Debug|ARM.ActiveCfg = Debug|Any CPU
		{3DAAB978-38A9-4DDF-94F8-7359D10DDCCB}.Debug|ARM.Build.0 = Debug|Any CPU
		{3DAAB978-38A9-4DDF-94F8-7359D10DDCCB}.Debug|ARM.Deploy.0 = Debug|Any CPU
		{3DAAB978-38A9-4DDF-94F8-7359D10DDCCB}.Debug|iPhone.ActiveCfg = Debug|Any CPU
		{3DAAB978-38A9-4DDF-94F8-7359D10DDCCB}.Debug|iPhone.Build.0 = Debug|Any CPU
		{3DAAB978-38A9-4DDF-94F8-7359D10DDCCB}.Debug|iPhone.Deploy.0 = Debug|Any CPU
		{3DAAB978-38A9-4DDF-94F8-7359D10DDCCB}.Debug|iPhoneSimulator.ActiveCfg = Debug|Any CPU
		{3DAAB978-38A9-4DDF-94F8-7359D10DDCCB}.Debug|iPhoneSimulator.Build.0 = Debug|Any CPU
		{3DAAB978-38A9-4DDF-94F8-7359D10DDCCB}.Debug|iPhoneSimulator.Deploy.0 = Debug|Any CPU
		{3DAAB978-38A9-4DDF-94F8-7359D10DDCCB}.Debug|x64.ActiveCfg = Debug|Any CPU
		{3DAAB978-38A9-4DDF-94F8-7359D10DDCCB}.Debug|x64.Build.0 = Debug|Any CPU
		{3DAAB978-38A9-4DDF-94F8-7359D10DDCCB}.Debug|x64.Deploy.0 = Debug|Any CPU
		{3DAAB978-38A9-4DDF-94F8-7359D10DDCCB}.Debug|x86.ActiveCfg = Debug|Any CPU
		{3DAAB978-38A9-4DDF-94F8-7359D10DDCCB}.Debug|x86.Build.0 = Debug|Any CPU
		{3DAAB978-38A9-4DDF-94F8-7359D10DDCCB}.Debug|x86.Deploy.0 = Debug|Any CPU
		{3DAAB978-38A9-4DDF-94F8-7359D10DDCCB}.Release|Any CPU.ActiveCfg = Release|Any CPU
		{3DAAB978-38A9-4DDF-94F8-7359D10DDCCB}.Release|Any CPU.Build.0 = Release|Any CPU
		{3DAAB978-38A9-4DDF-94F8-7359D10DDCCB}.Release|Any CPU.Deploy.0 = Release|Any CPU
		{3DAAB978-38A9-4DDF-94F8-7359D10DDCCB}.Release|ARM.ActiveCfg = Release|Any CPU
		{3DAAB978-38A9-4DDF-94F8-7359D10DDCCB}.Release|ARM.Build.0 = Release|Any CPU
		{3DAAB978-38A9-4DDF-94F8-7359D10DDCCB}.Release|ARM.Deploy.0 = Release|Any CPU
		{3DAAB978-38A9-4DDF-94F8-7359D10DDCCB}.Release|iPhone.ActiveCfg = Release|Any CPU
		{3DAAB978-38A9-4DDF-94F8-7359D10DDCCB}.Release|iPhone.Build.0 = Release|Any CPU
		{3DAAB978-38A9-4DDF-94F8-7359D10DDCCB}.Release|iPhone.Deploy.0 = Release|Any CPU
		{3DAAB978-38A9-4DDF-94F8-7359D10DDCCB}.Release|iPhoneSimulator.ActiveCfg = Release|Any CPU
		{3DAAB978-38A9-4DDF-94F8-7359D10DDCCB}.Release|iPhoneSimulator.Build.0 = Release|Any CPU
		{3DAAB978-38A9-4DDF-94F8-7359D10DDCCB}.Release|iPhoneSimulator.Deploy.0 = Release|Any CPU
		{3DAAB978-38A9-4DDF-94F8-7359D10DDCCB}.Release|x64.ActiveCfg = Release|Any CPU
		{3DAAB978-38A9-4DDF-94F8-7359D10DDCCB}.Release|x64.Build.0 = Release|Any CPU
		{3DAAB978-38A9-4DDF-94F8-7359D10DDCCB}.Release|x64.Deploy.0 = Release|Any CPU
		{3DAAB978-38A9-4DDF-94F8-7359D10DDCCB}.Release|x86.ActiveCfg = Release|Any CPU
		{3DAAB978-38A9-4DDF-94F8-7359D10DDCCB}.Release|x86.Build.0 = Release|Any CPU
		{3DAAB978-38A9-4DDF-94F8-7359D10DDCCB}.Release|x86.Deploy.0 = Release|Any CPU
		{A1B44BC3-2B67-440A-802D-BE204D42B2BE}.Ad-Hoc|Any CPU.ActiveCfg = Ad-Hoc|iPhone
		{A1B44BC3-2B67-440A-802D-BE204D42B2BE}.Ad-Hoc|ARM.ActiveCfg = Ad-Hoc|iPhone
		{A1B44BC3-2B67-440A-802D-BE204D42B2BE}.Ad-Hoc|iPhone.ActiveCfg = Ad-Hoc|iPhone
		{A1B44BC3-2B67-440A-802D-BE204D42B2BE}.Ad-Hoc|iPhone.Build.0 = Ad-Hoc|iPhone
		{A1B44BC3-2B67-440A-802D-BE204D42B2BE}.Ad-Hoc|iPhoneSimulator.ActiveCfg = Ad-Hoc|iPhoneSimulator
		{A1B44BC3-2B67-440A-802D-BE204D42B2BE}.Ad-Hoc|iPhoneSimulator.Build.0 = Ad-Hoc|iPhoneSimulator
		{A1B44BC3-2B67-440A-802D-BE204D42B2BE}.Ad-Hoc|x64.ActiveCfg = Ad-Hoc|iPhone
		{A1B44BC3-2B67-440A-802D-BE204D42B2BE}.Ad-Hoc|x86.ActiveCfg = Ad-Hoc|iPhone
		{A1B44BC3-2B67-440A-802D-BE204D42B2BE}.AppStore|Any CPU.ActiveCfg = AppStore|iPhone
		{A1B44BC3-2B67-440A-802D-BE204D42B2BE}.AppStore|ARM.ActiveCfg = AppStore|iPhone
		{A1B44BC3-2B67-440A-802D-BE204D42B2BE}.AppStore|iPhone.ActiveCfg = AppStore|iPhone
		{A1B44BC3-2B67-440A-802D-BE204D42B2BE}.AppStore|iPhone.Build.0 = AppStore|iPhone
		{A1B44BC3-2B67-440A-802D-BE204D42B2BE}.AppStore|iPhoneSimulator.ActiveCfg = AppStore|iPhoneSimulator
		{A1B44BC3-2B67-440A-802D-BE204D42B2BE}.AppStore|iPhoneSimulator.Build.0 = AppStore|iPhoneSimulator
		{A1B44BC3-2B67-440A-802D-BE204D42B2BE}.AppStore|x64.ActiveCfg = AppStore|iPhone
		{A1B44BC3-2B67-440A-802D-BE204D42B2BE}.AppStore|x86.ActiveCfg = AppStore|iPhone
		{A1B44BC3-2B67-440A-802D-BE204D42B2BE}.Debug|Any CPU.ActiveCfg = Debug|iPhone
		{A1B44BC3-2B67-440A-802D-BE204D42B2BE}.Debug|ARM.ActiveCfg = Debug|iPhone
		{A1B44BC3-2B67-440A-802D-BE204D42B2BE}.Debug|iPhone.ActiveCfg = Debug|iPhone
		{A1B44BC3-2B67-440A-802D-BE204D42B2BE}.Debug|iPhone.Build.0 = Debug|iPhone
		{A1B44BC3-2B67-440A-802D-BE204D42B2BE}.Debug|iPhoneSimulator.ActiveCfg = Debug|iPhoneSimulator
		{A1B44BC3-2B67-440A-802D-BE204D42B2BE}.Debug|iPhoneSimulator.Build.0 = Debug|iPhoneSimulator
		{A1B44BC3-2B67-440A-802D-BE204D42B2BE}.Debug|x64.ActiveCfg = Debug|iPhone
		{A1B44BC3-2B67-440A-802D-BE204D42B2BE}.Debug|x86.ActiveCfg = Debug|iPhone
		{A1B44BC3-2B67-440A-802D-BE204D42B2BE}.Release|Any CPU.ActiveCfg = Release|iPhone
		{A1B44BC3-2B67-440A-802D-BE204D42B2BE}.Release|ARM.ActiveCfg = Release|iPhone
		{A1B44BC3-2B67-440A-802D-BE204D42B2BE}.Release|iPhone.ActiveCfg = Release|iPhone
		{A1B44BC3-2B67-440A-802D-BE204D42B2BE}.Release|iPhone.Build.0 = Release|iPhone
		{A1B44BC3-2B67-440A-802D-BE204D42B2BE}.Release|iPhoneSimulator.ActiveCfg = Release|iPhoneSimulator
		{A1B44BC3-2B67-440A-802D-BE204D42B2BE}.Release|iPhoneSimulator.Build.0 = Release|iPhoneSimulator
		{A1B44BC3-2B67-440A-802D-BE204D42B2BE}.Release|x64.ActiveCfg = Release|iPhone
		{A1B44BC3-2B67-440A-802D-BE204D42B2BE}.Release|x86.ActiveCfg = Release|iPhone
		{D6057F68-A6E3-4B6C-AC32-EE8E351FFFB9}.Ad-Hoc|Any CPU.ActiveCfg = Release|Any CPU
		{D6057F68-A6E3-4B6C-AC32-EE8E351FFFB9}.Ad-Hoc|Any CPU.Build.0 = Release|Any CPU
		{D6057F68-A6E3-4B6C-AC32-EE8E351FFFB9}.Ad-Hoc|Any CPU.Deploy.0 = Release|Any CPU
		{D6057F68-A6E3-4B6C-AC32-EE8E351FFFB9}.Ad-Hoc|ARM.ActiveCfg = Release|ARM
		{D6057F68-A6E3-4B6C-AC32-EE8E351FFFB9}.Ad-Hoc|ARM.Build.0 = Release|ARM
		{D6057F68-A6E3-4B6C-AC32-EE8E351FFFB9}.Ad-Hoc|ARM.Deploy.0 = Release|ARM
		{D6057F68-A6E3-4B6C-AC32-EE8E351FFFB9}.Ad-Hoc|iPhone.ActiveCfg = Release|Any CPU
		{D6057F68-A6E3-4B6C-AC32-EE8E351FFFB9}.Ad-Hoc|iPhone.Build.0 = Release|Any CPU
		{D6057F68-A6E3-4B6C-AC32-EE8E351FFFB9}.Ad-Hoc|iPhone.Deploy.0 = Release|Any CPU
		{D6057F68-A6E3-4B6C-AC32-EE8E351FFFB9}.Ad-Hoc|iPhoneSimulator.ActiveCfg = Release|Any CPU
		{D6057F68-A6E3-4B6C-AC32-EE8E351FFFB9}.Ad-Hoc|iPhoneSimulator.Build.0 = Release|Any CPU
		{D6057F68-A6E3-4B6C-AC32-EE8E351FFFB9}.Ad-Hoc|iPhoneSimulator.Deploy.0 = Release|Any CPU
		{D6057F68-A6E3-4B6C-AC32-EE8E351FFFB9}.Ad-Hoc|x64.ActiveCfg = Release|Any CPU
		{D6057F68-A6E3-4B6C-AC32-EE8E351FFFB9}.Ad-Hoc|x64.Build.0 = Release|Any CPU
		{D6057F68-A6E3-4B6C-AC32-EE8E351FFFB9}.Ad-Hoc|x64.Deploy.0 = Release|Any CPU
		{D6057F68-A6E3-4B6C-AC32-EE8E351FFFB9}.Ad-Hoc|x86.ActiveCfg = Release|x86
		{D6057F68-A6E3-4B6C-AC32-EE8E351FFFB9}.Ad-Hoc|x86.Build.0 = Release|x86
		{D6057F68-A6E3-4B6C-AC32-EE8E351FFFB9}.Ad-Hoc|x86.Deploy.0 = Release|x86
		{D6057F68-A6E3-4B6C-AC32-EE8E351FFFB9}.AppStore|Any CPU.ActiveCfg = Release|Any CPU
		{D6057F68-A6E3-4B6C-AC32-EE8E351FFFB9}.AppStore|Any CPU.Build.0 = Release|Any CPU
		{D6057F68-A6E3-4B6C-AC32-EE8E351FFFB9}.AppStore|Any CPU.Deploy.0 = Release|Any CPU
		{D6057F68-A6E3-4B6C-AC32-EE8E351FFFB9}.AppStore|ARM.ActiveCfg = Release|ARM
		{D6057F68-A6E3-4B6C-AC32-EE8E351FFFB9}.AppStore|ARM.Build.0 = Release|ARM
		{D6057F68-A6E3-4B6C-AC32-EE8E351FFFB9}.AppStore|ARM.Deploy.0 = Release|ARM
		{D6057F68-A6E3-4B6C-AC32-EE8E351FFFB9}.AppStore|iPhone.ActiveCfg = Release|Any CPU
		{D6057F68-A6E3-4B6C-AC32-EE8E351FFFB9}.AppStore|iPhone.Build.0 = Release|Any CPU
		{D6057F68-A6E3-4B6C-AC32-EE8E351FFFB9}.AppStore|iPhone.Deploy.0 = Release|Any CPU
		{D6057F68-A6E3-4B6C-AC32-EE8E351FFFB9}.AppStore|iPhoneSimulator.ActiveCfg = Release|Any CPU
		{D6057F68-A6E3-4B6C-AC32-EE8E351FFFB9}.AppStore|iPhoneSimulator.Build.0 = Release|Any CPU
		{D6057F68-A6E3-4B6C-AC32-EE8E351FFFB9}.AppStore|iPhoneSimulator.Deploy.0 = Release|Any CPU
		{D6057F68-A6E3-4B6C-AC32-EE8E351FFFB9}.AppStore|x64.ActiveCfg = Release|Any CPU
		{D6057F68-A6E3-4B6C-AC32-EE8E351FFFB9}.AppStore|x64.Build.0 = Release|Any CPU
		{D6057F68-A6E3-4B6C-AC32-EE8E351FFFB9}.AppStore|x64.Deploy.0 = Release|Any CPU
		{D6057F68-A6E3-4B6C-AC32-EE8E351FFFB9}.AppStore|x86.ActiveCfg = Release|x86
		{D6057F68-A6E3-4B6C-AC32-EE8E351FFFB9}.AppStore|x86.Build.0 = Release|x86
		{D6057F68-A6E3-4B6C-AC32-EE8E351FFFB9}.AppStore|x86.Deploy.0 = Release|x86
		{D6057F68-A6E3-4B6C-AC32-EE8E351FFFB9}.Debug|Any CPU.ActiveCfg = Debug|Any CPU
		{D6057F68-A6E3-4B6C-AC32-EE8E351FFFB9}.Debug|Any CPU.Build.0 = Debug|Any CPU
		{D6057F68-A6E3-4B6C-AC32-EE8E351FFFB9}.Debug|Any CPU.Deploy.0 = Debug|Any CPU
		{D6057F68-A6E3-4B6C-AC32-EE8E351FFFB9}.Debug|ARM.ActiveCfg = Debug|ARM
		{D6057F68-A6E3-4B6C-AC32-EE8E351FFFB9}.Debug|ARM.Build.0 = Debug|ARM
		{D6057F68-A6E3-4B6C-AC32-EE8E351FFFB9}.Debug|ARM.Deploy.0 = Debug|ARM
		{D6057F68-A6E3-4B6C-AC32-EE8E351FFFB9}.Debug|iPhone.ActiveCfg = Debug|Any CPU
		{D6057F68-A6E3-4B6C-AC32-EE8E351FFFB9}.Debug|iPhone.Build.0 = Debug|Any CPU
		{D6057F68-A6E3-4B6C-AC32-EE8E351FFFB9}.Debug|iPhone.Deploy.0 = Debug|Any CPU
		{D6057F68-A6E3-4B6C-AC32-EE8E351FFFB9}.Debug|iPhoneSimulator.ActiveCfg = Debug|Any CPU
		{D6057F68-A6E3-4B6C-AC32-EE8E351FFFB9}.Debug|iPhoneSimulator.Build.0 = Debug|Any CPU
		{D6057F68-A6E3-4B6C-AC32-EE8E351FFFB9}.Debug|iPhoneSimulator.Deploy.0 = Debug|Any CPU
		{D6057F68-A6E3-4B6C-AC32-EE8E351FFFB9}.Debug|x64.ActiveCfg = Debug|Any CPU
		{D6057F68-A6E3-4B6C-AC32-EE8E351FFFB9}.Debug|x64.Build.0 = Debug|Any CPU
		{D6057F68-A6E3-4B6C-AC32-EE8E351FFFB9}.Debug|x64.Deploy.0 = Debug|Any CPU
		{D6057F68-A6E3-4B6C-AC32-EE8E351FFFB9}.Debug|x86.ActiveCfg = Debug|x86
		{D6057F68-A6E3-4B6C-AC32-EE8E351FFFB9}.Debug|x86.Build.0 = Debug|x86
		{D6057F68-A6E3-4B6C-AC32-EE8E351FFFB9}.Debug|x86.Deploy.0 = Debug|x86
		{D6057F68-A6E3-4B6C-AC32-EE8E351FFFB9}.Release|Any CPU.ActiveCfg = Release|Any CPU
		{D6057F68-A6E3-4B6C-AC32-EE8E351FFFB9}.Release|Any CPU.Build.0 = Release|Any CPU
		{D6057F68-A6E3-4B6C-AC32-EE8E351FFFB9}.Release|Any CPU.Deploy.0 = Release|Any CPU
		{D6057F68-A6E3-4B6C-AC32-EE8E351FFFB9}.Release|ARM.ActiveCfg = Release|ARM
		{D6057F68-A6E3-4B6C-AC32-EE8E351FFFB9}.Release|ARM.Build.0 = Release|ARM
		{D6057F68-A6E3-4B6C-AC32-EE8E351FFFB9}.Release|ARM.Deploy.0 = Release|ARM
		{D6057F68-A6E3-4B6C-AC32-EE8E351FFFB9}.Release|iPhone.ActiveCfg = Release|Any CPU
		{D6057F68-A6E3-4B6C-AC32-EE8E351FFFB9}.Release|iPhone.Build.0 = Release|Any CPU
		{D6057F68-A6E3-4B6C-AC32-EE8E351FFFB9}.Release|iPhone.Deploy.0 = Release|Any CPU
		{D6057F68-A6E3-4B6C-AC32-EE8E351FFFB9}.Release|iPhoneSimulator.ActiveCfg = Release|Any CPU
		{D6057F68-A6E3-4B6C-AC32-EE8E351FFFB9}.Release|iPhoneSimulator.Build.0 = Release|Any CPU
		{D6057F68-A6E3-4B6C-AC32-EE8E351FFFB9}.Release|iPhoneSimulator.Deploy.0 = Release|Any CPU
		{D6057F68-A6E3-4B6C-AC32-EE8E351FFFB9}.Release|x64.ActiveCfg = Release|Any CPU
		{D6057F68-A6E3-4B6C-AC32-EE8E351FFFB9}.Release|x64.Build.0 = Release|Any CPU
		{D6057F68-A6E3-4B6C-AC32-EE8E351FFFB9}.Release|x64.Deploy.0 = Release|Any CPU
		{D6057F68-A6E3-4B6C-AC32-EE8E351FFFB9}.Release|x86.ActiveCfg = Release|x86
		{D6057F68-A6E3-4B6C-AC32-EE8E351FFFB9}.Release|x86.Build.0 = Release|x86
		{D6057F68-A6E3-4B6C-AC32-EE8E351FFFB9}.Release|x86.Deploy.0 = Release|x86
		{B311A7A8-D364-437C-BA4D-A1BAD796285B}.Ad-Hoc|Any CPU.ActiveCfg = Release|x86
		{B311A7A8-D364-437C-BA4D-A1BAD796285B}.Ad-Hoc|Any CPU.Build.0 = Release|x86
		{B311A7A8-D364-437C-BA4D-A1BAD796285B}.Ad-Hoc|Any CPU.Deploy.0 = Release|x86
		{B311A7A8-D364-437C-BA4D-A1BAD796285B}.Ad-Hoc|ARM.ActiveCfg = Release|ARM
		{B311A7A8-D364-437C-BA4D-A1BAD796285B}.Ad-Hoc|ARM.Build.0 = Release|ARM
		{B311A7A8-D364-437C-BA4D-A1BAD796285B}.Ad-Hoc|ARM.Deploy.0 = Release|ARM
		{B311A7A8-D364-437C-BA4D-A1BAD796285B}.Ad-Hoc|iPhone.ActiveCfg = Release|x86
		{B311A7A8-D364-437C-BA4D-A1BAD796285B}.Ad-Hoc|iPhone.Build.0 = Release|x86
		{B311A7A8-D364-437C-BA4D-A1BAD796285B}.Ad-Hoc|iPhone.Deploy.0 = Release|x86
		{B311A7A8-D364-437C-BA4D-A1BAD796285B}.Ad-Hoc|iPhoneSimulator.ActiveCfg = Release|x86
		{B311A7A8-D364-437C-BA4D-A1BAD796285B}.Ad-Hoc|iPhoneSimulator.Build.0 = Release|x86
		{B311A7A8-D364-437C-BA4D-A1BAD796285B}.Ad-Hoc|iPhoneSimulator.Deploy.0 = Release|x86
		{B311A7A8-D364-437C-BA4D-A1BAD796285B}.Ad-Hoc|x64.ActiveCfg = Release|x64
		{B311A7A8-D364-437C-BA4D-A1BAD796285B}.Ad-Hoc|x64.Build.0 = Release|x64
		{B311A7A8-D364-437C-BA4D-A1BAD796285B}.Ad-Hoc|x64.Deploy.0 = Release|x64
		{B311A7A8-D364-437C-BA4D-A1BAD796285B}.Ad-Hoc|x86.ActiveCfg = Release|x86
		{B311A7A8-D364-437C-BA4D-A1BAD796285B}.Ad-Hoc|x86.Build.0 = Release|x86
		{B311A7A8-D364-437C-BA4D-A1BAD796285B}.Ad-Hoc|x86.Deploy.0 = Release|x86
		{B311A7A8-D364-437C-BA4D-A1BAD796285B}.AppStore|Any CPU.ActiveCfg = Release|x86
		{B311A7A8-D364-437C-BA4D-A1BAD796285B}.AppStore|Any CPU.Build.0 = Release|x86
		{B311A7A8-D364-437C-BA4D-A1BAD796285B}.AppStore|Any CPU.Deploy.0 = Release|x86
		{B311A7A8-D364-437C-BA4D-A1BAD796285B}.AppStore|ARM.ActiveCfg = Release|ARM
		{B311A7A8-D364-437C-BA4D-A1BAD796285B}.AppStore|ARM.Build.0 = Release|ARM
		{B311A7A8-D364-437C-BA4D-A1BAD796285B}.AppStore|ARM.Deploy.0 = Release|ARM
		{B311A7A8-D364-437C-BA4D-A1BAD796285B}.AppStore|iPhone.ActiveCfg = Release|x86
		{B311A7A8-D364-437C-BA4D-A1BAD796285B}.AppStore|iPhone.Build.0 = Release|x86
		{B311A7A8-D364-437C-BA4D-A1BAD796285B}.AppStore|iPhone.Deploy.0 = Release|x86
		{B311A7A8-D364-437C-BA4D-A1BAD796285B}.AppStore|iPhoneSimulator.ActiveCfg = Release|x86
		{B311A7A8-D364-437C-BA4D-A1BAD796285B}.AppStore|iPhoneSimulator.Build.0 = Release|x86
		{B311A7A8-D364-437C-BA4D-A1BAD796285B}.AppStore|iPhoneSimulator.Deploy.0 = Release|x86
		{B311A7A8-D364-437C-BA4D-A1BAD796285B}.AppStore|x64.ActiveCfg = Release|x64
		{B311A7A8-D364-437C-BA4D-A1BAD796285B}.AppStore|x64.Build.0 = Release|x64
		{B311A7A8-D364-437C-BA4D-A1BAD796285B}.AppStore|x64.Deploy.0 = Release|x64
		{B311A7A8-D364-437C-BA4D-A1BAD796285B}.AppStore|x86.ActiveCfg = Release|x86
		{B311A7A8-D364-437C-BA4D-A1BAD796285B}.AppStore|x86.Build.0 = Release|x86
		{B311A7A8-D364-437C-BA4D-A1BAD796285B}.AppStore|x86.Deploy.0 = Release|x86
		{B311A7A8-D364-437C-BA4D-A1BAD796285B}.Debug|Any CPU.ActiveCfg = Debug|x86
		{B311A7A8-D364-437C-BA4D-A1BAD796285B}.Debug|ARM.ActiveCfg = Debug|ARM
		{B311A7A8-D364-437C-BA4D-A1BAD796285B}.Debug|ARM.Build.0 = Debug|ARM
		{B311A7A8-D364-437C-BA4D-A1BAD796285B}.Debug|ARM.Deploy.0 = Debug|ARM
		{B311A7A8-D364-437C-BA4D-A1BAD796285B}.Debug|iPhone.ActiveCfg = Debug|x86
		{B311A7A8-D364-437C-BA4D-A1BAD796285B}.Debug|iPhoneSimulator.ActiveCfg = Debug|x86
		{B311A7A8-D364-437C-BA4D-A1BAD796285B}.Debug|x64.ActiveCfg = Debug|x64
		{B311A7A8-D364-437C-BA4D-A1BAD796285B}.Debug|x64.Build.0 = Debug|x64
		{B311A7A8-D364-437C-BA4D-A1BAD796285B}.Debug|x64.Deploy.0 = Debug|x64
		{B311A7A8-D364-437C-BA4D-A1BAD796285B}.Debug|x86.ActiveCfg = Debug|x86
		{B311A7A8-D364-437C-BA4D-A1BAD796285B}.Debug|x86.Build.0 = Debug|x86
		{B311A7A8-D364-437C-BA4D-A1BAD796285B}.Debug|x86.Deploy.0 = Debug|x86
		{B311A7A8-D364-437C-BA4D-A1BAD796285B}.Release|Any CPU.ActiveCfg = Release|x86
		{B311A7A8-D364-437C-BA4D-A1BAD796285B}.Release|ARM.ActiveCfg = Release|ARM
		{B311A7A8-D364-437C-BA4D-A1BAD796285B}.Release|ARM.Build.0 = Release|ARM
		{B311A7A8-D364-437C-BA4D-A1BAD796285B}.Release|ARM.Deploy.0 = Release|ARM
		{B311A7A8-D364-437C-BA4D-A1BAD796285B}.Release|iPhone.ActiveCfg = Release|x86
		{B311A7A8-D364-437C-BA4D-A1BAD796285B}.Release|iPhoneSimulator.ActiveCfg = Release|x86
		{B311A7A8-D364-437C-BA4D-A1BAD796285B}.Release|x64.ActiveCfg = Release|x64
		{B311A7A8-D364-437C-BA4D-A1BAD796285B}.Release|x64.Build.0 = Release|x64
		{B311A7A8-D364-437C-BA4D-A1BAD796285B}.Release|x64.Deploy.0 = Release|x64
		{B311A7A8-D364-437C-BA4D-A1BAD796285B}.Release|x86.ActiveCfg = Release|x86
		{B311A7A8-D364-437C-BA4D-A1BAD796285B}.Release|x86.Build.0 = Release|x86
		{B311A7A8-D364-437C-BA4D-A1BAD796285B}.Release|x86.Deploy.0 = Release|x86
		{D29AAB44-B2EB-48EF-BCF4-F3E99CBB2B82}.Ad-Hoc|Any CPU.ActiveCfg = Release|Any CPU
		{D29AAB44-B2EB-48EF-BCF4-F3E99CBB2B82}.Ad-Hoc|Any CPU.Build.0 = Release|Any CPU
		{D29AAB44-B2EB-48EF-BCF4-F3E99CBB2B82}.Ad-Hoc|Any CPU.Deploy.0 = Release|Any CPU
		{D29AAB44-B2EB-48EF-BCF4-F3E99CBB2B82}.Ad-Hoc|ARM.ActiveCfg = Release|ARM
		{D29AAB44-B2EB-48EF-BCF4-F3E99CBB2B82}.Ad-Hoc|ARM.Build.0 = Release|ARM
		{D29AAB44-B2EB-48EF-BCF4-F3E99CBB2B82}.Ad-Hoc|ARM.Deploy.0 = Release|ARM
		{D29AAB44-B2EB-48EF-BCF4-F3E99CBB2B82}.Ad-Hoc|iPhone.ActiveCfg = Release|Any CPU
		{D29AAB44-B2EB-48EF-BCF4-F3E99CBB2B82}.Ad-Hoc|iPhone.Build.0 = Release|Any CPU
		{D29AAB44-B2EB-48EF-BCF4-F3E99CBB2B82}.Ad-Hoc|iPhone.Deploy.0 = Release|Any CPU
		{D29AAB44-B2EB-48EF-BCF4-F3E99CBB2B82}.Ad-Hoc|iPhoneSimulator.ActiveCfg = Release|Any CPU
		{D29AAB44-B2EB-48EF-BCF4-F3E99CBB2B82}.Ad-Hoc|iPhoneSimulator.Build.0 = Release|Any CPU
		{D29AAB44-B2EB-48EF-BCF4-F3E99CBB2B82}.Ad-Hoc|iPhoneSimulator.Deploy.0 = Release|Any CPU
		{D29AAB44-B2EB-48EF-BCF4-F3E99CBB2B82}.Ad-Hoc|x64.ActiveCfg = Release|x64
		{D29AAB44-B2EB-48EF-BCF4-F3E99CBB2B82}.Ad-Hoc|x64.Build.0 = Release|x64
		{D29AAB44-B2EB-48EF-BCF4-F3E99CBB2B82}.Ad-Hoc|x64.Deploy.0 = Release|x64
		{D29AAB44-B2EB-48EF-BCF4-F3E99CBB2B82}.Ad-Hoc|x86.ActiveCfg = Release|x86
		{D29AAB44-B2EB-48EF-BCF4-F3E99CBB2B82}.Ad-Hoc|x86.Build.0 = Release|x86
		{D29AAB44-B2EB-48EF-BCF4-F3E99CBB2B82}.Ad-Hoc|x86.Deploy.0 = Release|x86
		{D29AAB44-B2EB-48EF-BCF4-F3E99CBB2B82}.AppStore|Any CPU.ActiveCfg = Release|Any CPU
		{D29AAB44-B2EB-48EF-BCF4-F3E99CBB2B82}.AppStore|Any CPU.Build.0 = Release|Any CPU
		{D29AAB44-B2EB-48EF-BCF4-F3E99CBB2B82}.AppStore|Any CPU.Deploy.0 = Release|Any CPU
		{D29AAB44-B2EB-48EF-BCF4-F3E99CBB2B82}.AppStore|ARM.ActiveCfg = Release|ARM
		{D29AAB44-B2EB-48EF-BCF4-F3E99CBB2B82}.AppStore|ARM.Build.0 = Release|ARM
		{D29AAB44-B2EB-48EF-BCF4-F3E99CBB2B82}.AppStore|ARM.Deploy.0 = Release|ARM
		{D29AAB44-B2EB-48EF-BCF4-F3E99CBB2B82}.AppStore|iPhone.ActiveCfg = Release|Any CPU
		{D29AAB44-B2EB-48EF-BCF4-F3E99CBB2B82}.AppStore|iPhone.Build.0 = Release|Any CPU
		{D29AAB44-B2EB-48EF-BCF4-F3E99CBB2B82}.AppStore|iPhone.Deploy.0 = Release|Any CPU
		{D29AAB44-B2EB-48EF-BCF4-F3E99CBB2B82}.AppStore|iPhoneSimulator.ActiveCfg = Release|Any CPU
		{D29AAB44-B2EB-48EF-BCF4-F3E99CBB2B82}.AppStore|iPhoneSimulator.Build.0 = Release|Any CPU
		{D29AAB44-B2EB-48EF-BCF4-F3E99CBB2B82}.AppStore|iPhoneSimulator.Deploy.0 = Release|Any CPU
		{D29AAB44-B2EB-48EF-BCF4-F3E99CBB2B82}.AppStore|x64.ActiveCfg = Release|x64
		{D29AAB44-B2EB-48EF-BCF4-F3E99CBB2B82}.AppStore|x64.Build.0 = Release|x64
		{D29AAB44-B2EB-48EF-BCF4-F3E99CBB2B82}.AppStore|x64.Deploy.0 = Release|x64
		{D29AAB44-B2EB-48EF-BCF4-F3E99CBB2B82}.AppStore|x86.ActiveCfg = Release|x86
		{D29AAB44-B2EB-48EF-BCF4-F3E99CBB2B82}.AppStore|x86.Build.0 = Release|x86
		{D29AAB44-B2EB-48EF-BCF4-F3E99CBB2B82}.AppStore|x86.Deploy.0 = Release|x86
		{D29AAB44-B2EB-48EF-BCF4-F3E99CBB2B82}.Debug|Any CPU.ActiveCfg = Debug|Any CPU
		{D29AAB44-B2EB-48EF-BCF4-F3E99CBB2B82}.Debug|Any CPU.Build.0 = Debug|Any CPU
		{D29AAB44-B2EB-48EF-BCF4-F3E99CBB2B82}.Debug|Any CPU.Deploy.0 = Debug|Any CPU
		{D29AAB44-B2EB-48EF-BCF4-F3E99CBB2B82}.Debug|ARM.ActiveCfg = Debug|ARM
		{D29AAB44-B2EB-48EF-BCF4-F3E99CBB2B82}.Debug|ARM.Build.0 = Debug|ARM
		{D29AAB44-B2EB-48EF-BCF4-F3E99CBB2B82}.Debug|ARM.Deploy.0 = Debug|ARM
		{D29AAB44-B2EB-48EF-BCF4-F3E99CBB2B82}.Debug|iPhone.ActiveCfg = Debug|Any CPU
		{D29AAB44-B2EB-48EF-BCF4-F3E99CBB2B82}.Debug|iPhone.Build.0 = Debug|Any CPU
		{D29AAB44-B2EB-48EF-BCF4-F3E99CBB2B82}.Debug|iPhone.Deploy.0 = Debug|Any CPU
		{D29AAB44-B2EB-48EF-BCF4-F3E99CBB2B82}.Debug|iPhoneSimulator.ActiveCfg = Debug|Any CPU
		{D29AAB44-B2EB-48EF-BCF4-F3E99CBB2B82}.Debug|iPhoneSimulator.Build.0 = Debug|Any CPU
		{D29AAB44-B2EB-48EF-BCF4-F3E99CBB2B82}.Debug|iPhoneSimulator.Deploy.0 = Debug|Any CPU
		{D29AAB44-B2EB-48EF-BCF4-F3E99CBB2B82}.Debug|x64.ActiveCfg = Debug|x64
		{D29AAB44-B2EB-48EF-BCF4-F3E99CBB2B82}.Debug|x64.Build.0 = Debug|x64
		{D29AAB44-B2EB-48EF-BCF4-F3E99CBB2B82}.Debug|x64.Deploy.0 = Debug|x64
		{D29AAB44-B2EB-48EF-BCF4-F3E99CBB2B82}.Debug|x86.ActiveCfg = Debug|x86
		{D29AAB44-B2EB-48EF-BCF4-F3E99CBB2B82}.Debug|x86.Build.0 = Debug|x86
		{D29AAB44-B2EB-48EF-BCF4-F3E99CBB2B82}.Debug|x86.Deploy.0 = Debug|x86
		{D29AAB44-B2EB-48EF-BCF4-F3E99CBB2B82}.Release|Any CPU.ActiveCfg = Release|Any CPU
		{D29AAB44-B2EB-48EF-BCF4-F3E99CBB2B82}.Release|Any CPU.Build.0 = Release|Any CPU
		{D29AAB44-B2EB-48EF-BCF4-F3E99CBB2B82}.Release|Any CPU.Deploy.0 = Release|Any CPU
		{D29AAB44-B2EB-48EF-BCF4-F3E99CBB2B82}.Release|ARM.ActiveCfg = Release|ARM
		{D29AAB44-B2EB-48EF-BCF4-F3E99CBB2B82}.Release|ARM.Build.0 = Release|ARM
		{D29AAB44-B2EB-48EF-BCF4-F3E99CBB2B82}.Release|ARM.Deploy.0 = Release|ARM
		{D29AAB44-B2EB-48EF-BCF4-F3E99CBB2B82}.Release|iPhone.ActiveCfg = Release|Any CPU
		{D29AAB44-B2EB-48EF-BCF4-F3E99CBB2B82}.Release|iPhone.Build.0 = Release|Any CPU
		{D29AAB44-B2EB-48EF-BCF4-F3E99CBB2B82}.Release|iPhone.Deploy.0 = Release|Any CPU
		{D29AAB44-B2EB-48EF-BCF4-F3E99CBB2B82}.Release|iPhoneSimulator.ActiveCfg = Release|Any CPU
		{D29AAB44-B2EB-48EF-BCF4-F3E99CBB2B82}.Release|iPhoneSimulator.Build.0 = Release|Any CPU
		{D29AAB44-B2EB-48EF-BCF4-F3E99CBB2B82}.Release|iPhoneSimulator.Deploy.0 = Release|Any CPU
		{D29AAB44-B2EB-48EF-BCF4-F3E99CBB2B82}.Release|x64.ActiveCfg = Release|x64
		{D29AAB44-B2EB-48EF-BCF4-F3E99CBB2B82}.Release|x64.Build.0 = Release|x64
		{D29AAB44-B2EB-48EF-BCF4-F3E99CBB2B82}.Release|x64.Deploy.0 = Release|x64
		{D29AAB44-B2EB-48EF-BCF4-F3E99CBB2B82}.Release|x86.ActiveCfg = Release|x86
		{D29AAB44-B2EB-48EF-BCF4-F3E99CBB2B82}.Release|x86.Build.0 = Release|x86
		{D29AAB44-B2EB-48EF-BCF4-F3E99CBB2B82}.Release|x86.Deploy.0 = Release|x86
		{1FE589DB-6F3F-421C-9C3C-1BDFD41B2CF0}.Ad-Hoc|Any CPU.ActiveCfg = Release|Any CPU
		{1FE589DB-6F3F-421C-9C3C-1BDFD41B2CF0}.Ad-Hoc|Any CPU.Build.0 = Release|Any CPU
		{1FE589DB-6F3F-421C-9C3C-1BDFD41B2CF0}.Ad-Hoc|ARM.ActiveCfg = Release|Any CPU
		{1FE589DB-6F3F-421C-9C3C-1BDFD41B2CF0}.Ad-Hoc|ARM.Build.0 = Release|Any CPU
		{1FE589DB-6F3F-421C-9C3C-1BDFD41B2CF0}.Ad-Hoc|iPhone.ActiveCfg = Release|Any CPU
		{1FE589DB-6F3F-421C-9C3C-1BDFD41B2CF0}.Ad-Hoc|iPhone.Build.0 = Release|Any CPU
		{1FE589DB-6F3F-421C-9C3C-1BDFD41B2CF0}.Ad-Hoc|iPhoneSimulator.ActiveCfg = Release|Any CPU
		{1FE589DB-6F3F-421C-9C3C-1BDFD41B2CF0}.Ad-Hoc|iPhoneSimulator.Build.0 = Release|Any CPU
		{1FE589DB-6F3F-421C-9C3C-1BDFD41B2CF0}.Ad-Hoc|x64.ActiveCfg = Release|Any CPU
		{1FE589DB-6F3F-421C-9C3C-1BDFD41B2CF0}.Ad-Hoc|x64.Build.0 = Release|Any CPU
		{1FE589DB-6F3F-421C-9C3C-1BDFD41B2CF0}.Ad-Hoc|x86.ActiveCfg = Release|Any CPU
		{1FE589DB-6F3F-421C-9C3C-1BDFD41B2CF0}.Ad-Hoc|x86.Build.0 = Release|Any CPU
		{1FE589DB-6F3F-421C-9C3C-1BDFD41B2CF0}.AppStore|Any CPU.ActiveCfg = Release|Any CPU
		{1FE589DB-6F3F-421C-9C3C-1BDFD41B2CF0}.AppStore|Any CPU.Build.0 = Release|Any CPU
		{1FE589DB-6F3F-421C-9C3C-1BDFD41B2CF0}.AppStore|ARM.ActiveCfg = Release|Any CPU
		{1FE589DB-6F3F-421C-9C3C-1BDFD41B2CF0}.AppStore|ARM.Build.0 = Release|Any CPU
		{1FE589DB-6F3F-421C-9C3C-1BDFD41B2CF0}.AppStore|iPhone.ActiveCfg = Release|Any CPU
		{1FE589DB-6F3F-421C-9C3C-1BDFD41B2CF0}.AppStore|iPhone.Build.0 = Release|Any CPU
		{1FE589DB-6F3F-421C-9C3C-1BDFD41B2CF0}.AppStore|iPhoneSimulator.ActiveCfg = Release|Any CPU
		{1FE589DB-6F3F-421C-9C3C-1BDFD41B2CF0}.AppStore|iPhoneSimulator.Build.0 = Release|Any CPU
		{1FE589DB-6F3F-421C-9C3C-1BDFD41B2CF0}.AppStore|x64.ActiveCfg = Release|Any CPU
		{1FE589DB-6F3F-421C-9C3C-1BDFD41B2CF0}.AppStore|x64.Build.0 = Release|Any CPU
		{1FE589DB-6F3F-421C-9C3C-1BDFD41B2CF0}.AppStore|x86.ActiveCfg = Release|Any CPU
		{1FE589DB-6F3F-421C-9C3C-1BDFD41B2CF0}.AppStore|x86.Build.0 = Release|Any CPU
		{1FE589DB-6F3F-421C-9C3C-1BDFD41B2CF0}.Debug|Any CPU.ActiveCfg = Debug|Any CPU
		{1FE589DB-6F3F-421C-9C3C-1BDFD41B2CF0}.Debug|Any CPU.Build.0 = Debug|Any CPU
		{1FE589DB-6F3F-421C-9C3C-1BDFD41B2CF0}.Debug|ARM.ActiveCfg = Debug|Any CPU
		{1FE589DB-6F3F-421C-9C3C-1BDFD41B2CF0}.Debug|ARM.Build.0 = Debug|Any CPU
		{1FE589DB-6F3F-421C-9C3C-1BDFD41B2CF0}.Debug|iPhone.ActiveCfg = Debug|Any CPU
		{1FE589DB-6F3F-421C-9C3C-1BDFD41B2CF0}.Debug|iPhone.Build.0 = Debug|Any CPU
		{1FE589DB-6F3F-421C-9C3C-1BDFD41B2CF0}.Debug|iPhoneSimulator.ActiveCfg = Debug|Any CPU
		{1FE589DB-6F3F-421C-9C3C-1BDFD41B2CF0}.Debug|iPhoneSimulator.Build.0 = Debug|Any CPU
		{1FE589DB-6F3F-421C-9C3C-1BDFD41B2CF0}.Debug|x64.ActiveCfg = Debug|Any CPU
		{1FE589DB-6F3F-421C-9C3C-1BDFD41B2CF0}.Debug|x64.Build.0 = Debug|Any CPU
		{1FE589DB-6F3F-421C-9C3C-1BDFD41B2CF0}.Debug|x86.ActiveCfg = Debug|Any CPU
		{1FE589DB-6F3F-421C-9C3C-1BDFD41B2CF0}.Debug|x86.Build.0 = Debug|Any CPU
		{1FE589DB-6F3F-421C-9C3C-1BDFD41B2CF0}.Release|Any CPU.ActiveCfg = Release|Any CPU
		{1FE589DB-6F3F-421C-9C3C-1BDFD41B2CF0}.Release|Any CPU.Build.0 = Release|Any CPU
		{1FE589DB-6F3F-421C-9C3C-1BDFD41B2CF0}.Release|ARM.ActiveCfg = Release|Any CPU
		{1FE589DB-6F3F-421C-9C3C-1BDFD41B2CF0}.Release|ARM.Build.0 = Release|Any CPU
		{1FE589DB-6F3F-421C-9C3C-1BDFD41B2CF0}.Release|iPhone.ActiveCfg = Release|Any CPU
		{1FE589DB-6F3F-421C-9C3C-1BDFD41B2CF0}.Release|iPhone.Build.0 = Release|Any CPU
		{1FE589DB-6F3F-421C-9C3C-1BDFD41B2CF0}.Release|iPhoneSimulator.ActiveCfg = Release|Any CPU
		{1FE589DB-6F3F-421C-9C3C-1BDFD41B2CF0}.Release|iPhoneSimulator.Build.0 = Release|Any CPU
		{1FE589DB-6F3F-421C-9C3C-1BDFD41B2CF0}.Release|x64.ActiveCfg = Release|Any CPU
		{1FE589DB-6F3F-421C-9C3C-1BDFD41B2CF0}.Release|x64.Build.0 = Release|Any CPU
		{1FE589DB-6F3F-421C-9C3C-1BDFD41B2CF0}.Release|x86.ActiveCfg = Release|Any CPU
		{1FE589DB-6F3F-421C-9C3C-1BDFD41B2CF0}.Release|x86.Build.0 = Release|Any CPU
	EndGlobalSection
	GlobalSection(SolutionProperties) = preSolution
		HideSolutionNode = FALSE
	EndGlobalSection
EndGlobal
